{
  "nodes": {
    "plum": {
      "flake": false,
      "locked": {
        "lastModified": 1778239174,
        "narHash": "sha256-o16OYMjYrLhoo0H9hw7s/VnXAs+vS0OIY29T1v96WDE=",
        "owner": "rime",
        "repo": "plum",
        "rev": "b1be1969f914cc005add4090631b855db00c2591",
        "type": "github"
      },
      "original": {
        "owner": "rime",
        "repo": "plum",
        "type": "github"
      }
    },
    "rime-emoji": {
      "flake": false,
      "locked": {
        "lastModified": 1774397784,
        "narHash": "sha256-QqHauKSfyi+heseUTQ+gztjkdoSGGfw/jRorFxSiXOo=",
        "owner": "rime",
        "repo": "rime-emoji",
        "rev": "d1dbb424124fc50452a179300c7f287dbcc0db64",
        "type": "github"
      },
      "original": {
        "owner": "rime",
        "repo": "rime-emoji",
        "type": "github"
      }
    },
    "rime-essay": {
      "flake": false,
      "locked": {
        "lastModified": 1783954308,
        "narHash": "sha256-WPutZuxoLQfNk0devhGb2ooAZ7zJt0Ta7OiUtuveJ00=",
        "owner": "rime",
        "repo": "rime-essay",
        "rev": "e9b1a374a6ea015fca5bdd04318924b4483ac35a",
        "type": "github"
      },
      "original": {
        "owner": "rime",
        "repo": "rime-essay",
        "type": "github"
      }
    },
    "rime-luna-pinyin": {
      "flake": false,
      "locked": {
        "lastModified": 1783832515,
        "narHash": "sha256-yXkF2f980Z0OMb39QQHknqodzIj3SyW23NVo+1C2p/s=",
        "owner": "rime",
        "repo": "rime-luna-pinyin",
        "rev": "56b934b099dfbeab842320f13aa8b461a6ab3e42",
        "type": "github"
      },
      "original": {
        "owner": "rime",
        "repo": "rime-luna-pinyin",
        "type": "github"
      }
    },
    "rime-prelude": {
      "flake": false,
      "locked": {
        "lastModified": 1778321827,
        "narHash": "sha256-roHPpaAbsnQgnz6kupMz/kHFQWwshRYojNsdS5iFApI=",
        "owner": "rime",
        "repo": "rime-prelude",
        "rev": "082425ea0684bca36474415d4a0e8db9b016487e",
        "type": "github"
      },
      "original": {
        "owner": "rime",
        "repo": "rime-prelude",
        "type": "github"
      }
    },
    "root": {
      "inputs": {
        "plum": "plum",
        "rime-emoji": "rime-emoji",
        "rime-essay": "rime-essay",
        "rime-luna-pinyin": "rime-luna-pinyin",
        "rime-prelude": "rime-prelude"
      }
    }
  },
  "root": "root",
  "version": 7
}
